# Code generated by scarb DO NOT EDIT.
version = 1

[[package]]
name = "alexandria_math"
version = "0.6.0"
source = "registry+https://scarbs.xyz/"
checksum = "sha256:1e08ebba0ed9f7217b8efc283d2ad41730257cf41a47ca88a94fb0fafad22e9e"

[[package]]
name = "first_cairo_tutorial"
version = "0.1.0"
dependencies = [
 "alexandria_math",
]
